// !$*UTF8*$!
{
	archiveVersion = 1;
	classes = {
	};
	objectVersion = 50;
	objects = {

/* Begin PBXBuildFile section */
		C2DF4C2B272827A300B6D8C3 /* AppDelegate.swift in Sources */ = {isa = PBXBuildFile; fileRef = C2DF4C2A272827A300B6D8C3 /* AppDelegate.swift */; };
		C2DF4C2D272827A300B6D8C3 /* SceneDelegate.swift in Sources */ = {isa = PBXBuildFile; fileRef = C2DF4C2C272827A300B6D8C3 /* SceneDelegate.swift */; };
		C2DF4C2F272827A300B6D8C3 /* ViewController.swift in Sources */ = {isa = PBXBuildFile; fileRef = C2DF4C2E272827A300B6D8C3 /* ViewController.swift */; };
		C2DF4C32272827A300B6D8C3 /* Main.storyboard in Resources */ = {isa = PBXBuildFile; fileRef = C2DF4C30272827A300B6D8C3 /* Main.storyboard */; };
		C2DF4C34272827A400B6D8C3 /* Assets.xcassets in Resources */ = {isa = PBXBuildFile; fileRef = C2DF4C33272827A400B6D8C3 /* Assets.xcassets */; };
		C2DF4C37272827A400B6D8C3 /* LaunchScreen.storyboard in Resources */ = {isa = PBXBuildFile; fileRef = C2DF4C35272827A400B6D8C3 /* LaunchScreen.storyboard */; };
		C2DF4C3F27282CF500B6D8C3 /* Country.swift in Sources */ = {isa = PBXBuildFile; fileRef = C2DF4C3E27282CF500B6D8C3 /* Country.swift */; };
		C2DF4C4127282DA900B6D8C3 /* DetailViewController.swift in Sources */ = {isa = PBXBuildFile; fileRef = C2DF4C4027282DA900B6D8C3 /* DetailViewController.swift */; };
		C2DF4C43272D3A8500B6D8C3 /* Countries.swift in Sources */ = {isa = PBXBuildFile; fileRef = C2DF4C42272D3A8500B6D8C3 /* Countries.swift */; };
/* End PBXBuildFile section */

/* Begin PBXFileReference section */
		C2DF4C27272827A300B6D8C3 /* MilestoneProjectDay59.app */ = {isa = PBXFileReference; explicitFileType = wrapper.application; includeInIndex = 0; path = MilestoneProjectDay59.app; sourceTree = BUILT_PRODUCTS_DIR; };
		C2DF4C2A272827A300B6D8C3 /* AppDelegate.swift */ = {isa = PBXFileReference; lastKnownFileType = sourcecode.swift; path = AppDelegate.swift; sourceTree = "<group>"; };
		C2DF4C2C272827A300B6D8C3 /* SceneDelegate.swift */ = {isa = PBXFileReference; lastKnownFileType = sourcecode.swift; path = SceneDelegate.swift; sourceTree = "<group>"; };
		C2DF4C2E272827A300B6D8C3 /* ViewController.swift */ = {isa = PBXFileReference; lastKnownFileType = sourcecode.swift; path = ViewController.swift; sourceTree = "<group>"; };
		C2DF4C31272827A300B6D8C3 /* Base */ = {isa = PBXFileReference; lastKnownFileType = file.storyboard; name = Base; path = Base.lproj/Main.storyboard; sourceTree = "<group>"; };
		C2DF4C33272827A400B6D8C3 /* Assets.xcassets */ = {isa = PBXFileReference; lastKnownFileType = folder.assetcatalog; path = Assets.xcassets; sourceTree = "<group>"; };
		C2DF4C36272827A400B6D8C3 /* Base */ = {isa = PBXFileReference; lastKnownFileType = file.storyboard; name = Base; path = Base.lproj/LaunchScreen.storyboard; sourceTree = "<group>"; };
		C2DF4C38272827A400B6D8C3 /* Info.plist */ = {isa = PBXFileReference; lastKnownFileType = text.plist.xml; path = Info.plist; sourceTree = "<group>"; };
		C2DF4C3E27282CF500B6D8C3 /* Country.swift */ = {isa = PBXFileReference; lastKnownFileType = sourcecode.swift; path = Country.swift; sourceTree = "<group>"; };
		C2DF4C4027282DA900B6D8C3 /* DetailViewController.swift */ = {isa = PBXFileReference; lastKnownFileType = sourcecode.swift; path = DetailViewController.swift; sourceTree = "<group>"; };
		C2DF4C42272D3A8500B6D8C3 /* Countries.swift */ = {isa = PBXFileReference; lastKnownFileType = sourcecode.swift; path = Countries.swift; sourceTree = "<group>"; };
/* End PBXFileReference section */

/* Begin PBXFrameworksBuildPhase section */
		C2DF4C24272827A300B6D8C3 /* Frameworks */ = {
			isa = PBXFrameworksBuildPhase;
			buildActionMask = 2147483647;
			files = (
			);
			runOnlyForDeploymentPostprocessing = 0;
		};
/* End PBXFrameworksBuildPhase section */

/* Begin PBXGroup section */
		C2DF4C1E272827A300B6D8C3 = {
			isa = PBXGroup;
			children = (
				C2DF4C29272827A300B6D8C3 /* MilestoneProjectDay59 */,
				C2DF4C28272827A300B6D8C3 /* Products */,
			);
			sourceTree = "<group>";
		};
		C2DF4C28272827A300B6D8C3 /* Products */ = {
			isa = PBXGroup;
			children = (
				C2DF4C27272827A300B6D8C3 /* MilestoneProjectDay59.app */,
			);
			name = Products;
			sourceTree = "<group>";
		};
		C2DF4C29272827A300B6D8C3 /* MilestoneProjectDay59 */ = {
			isa = PBXGroup;
			children = (
				C2DF4C2A272827A300B6D8C3 /* AppDelegate.swift */,
				C2DF4C2C272827A300B6D8C3 /* SceneDelegate.swift */,
				C2DF4C2E272827A300B6D8C3 /* ViewController.swift */,
				C2DF4C4027282DA900B6D8C3 /* DetailViewController.swift */,
				C2DF4C3E27282CF500B6D8C3 /* Country.swift */,
				C2DF4C42272D3A8500B6D8C3 /* Countries.swift */,
				C2DF4C30272827A300B6D8C3 /* Main.storyboard */,
				C2DF4C33272827A400B6D8C3 /* Assets.xcassets */,
				C2DF4C35272827A400B6D8C3 /* LaunchScreen.storyboard */,
				C2DF4C38272827A400B6D8C3 /* Info.plist */,
			);
			path = MilestoneProjectDay59;
			sourceTree = "<group>";
		};
/* End PBXGroup section */

/* Begin PBXNativeTarget section */
		C2DF4C26272827A300B6D8C3 /* MilestoneProjectDay59 */ = {
			isa = PBXNativeTarget;
			buildConfigurationList = C2DF4C3B272827A400B6D8C3 /* Build configuration list for PBXNativeTarget "MilestoneProjectDay59" */;
			buildPhases = (
				C2DF4C23272827A300B6D8C3 /* Sources */,
				C2DF4C24272827A300B6D8C3 /* Frameworks */,
				C2DF4C25272827A300B6D8C3 /* Resources */,
			);
			buildRules = (
			);
			dependencies = (
			);
			name = MilestoneProjectDay59;
			productName = MilestoneProjectDay59;
			productReference = C2DF4C27272827A300B6D8C3 /* MilestoneProjectDay59.app */;
			productType = "com.apple.product-type.application";
		};
/* End PBXNativeTarget section */

/* Begin PBXProject section */
		C2DF4C1F272827A300B6D8C3 /* Project object */ = {
			isa = PBXProject;
			attributes = {
				LastSwiftUpdateCheck = 1250;
				LastUpgradeCheck = 1250;
				TargetAttributes = {
					C2DF4C26272827A300B6D8C3 = {
						CreatedOnToolsVersion = 12.5;
					};
				};
			};
			buildConfigurationList = C2DF4C22272827A300B6D8C3 /* Build configuration list for PBXProject "MilestoneProjectDay59" */;
			compatibilityVersion = "Xcode 9.3";
			developmentRegion = en;
			hasScannedForEncodings = 0;
			knownRegions = (
				en,
				Base,
			);
			mainGroup = C2DF4C1E272827A300B6D8C3;
			productRefGroup = C2DF4C28272827A300B6D8C3 /* Products */;
			projectDirPath = "";
			projectRoot = "";
			targets = (
				C2DF4C26272827A300B6D8C3 /* MilestoneProjectDay59 */,
			);
		};
/* End PBXProject section */

/* Begin PBXResourcesBuildPhase section */
		C2DF4C25272827A300B6D8C3 /* Resources */ = {
			isa = PBXResourcesBuildPhase;
			buildActionMask = 2147483647;
			files = (
				C2DF4C37272827A400B6D8C3 /* LaunchScreen.storyboard in Resources */,
				C2DF4C34272827A400B6D8C3 /* Assets.xcassets in Resources */,
				C2DF4C32272827A300B6D8C3 /* Main.storyboard in Resources */,
			);
			runOnlyForDeploymentPostprocessing = 0;
		};
/* End PBXResourcesBuildPhase section */

/* Begin PBXSourcesBuildPhase section */
		C2DF4C23272827A300B6D8C3 /* Sources */ = {
			isa = PBXSourcesBuildPhase;
			buildActionMask = 2147483647;
			files = (
				C2DF4C3F27282CF500B6D8C3 /* Country.swift in Sources */,
				C2DF4C2F272827A300B6D8C3 /* ViewController.swift in Sources */,
				C2DF4C4127282DA900B6D8C3 /* DetailViewController.swift in Sources */,
				C2DF4C2B272827A300B6D8C3 /* AppDelegate.swift in Sources */,
				C2DF4C43272D3A8500B6D8C3 /* Countries.swift in Sources */,
				C2DF4C2D272827A300B6D8C3 /* SceneDelegate.swift in Sources */,
			);
			runOnlyForDeploymentPostprocessing = 0;
		};
/* End PBXSourcesBuildPhase section */

/* Begin PBXVariantGroup section */
		C2DF4C30272827A300B6D8C3 /* Main.storyboard */ = {
			isa = PBXVariantGroup;
			children = (
				C2DF4C31272827A300B6D8C3 /* Base */,
			);
			name = Main.storyboard;
			sourceTree = "<group>";
		};
		C2DF4C35272827A400B6D8C3 /* LaunchScreen.storyboard */ = {
			isa = PBXVariantGroup;
			children = (
				C2DF4C36272827A400B6D8C3 /* Base */,
			);
			name = LaunchScreen.storyboard;
			sourceTree = "<group>";
		};
/* End PBXVariantGroup section */

/* Begin XCBuildConfiguration section */
		C2DF4C39272827A400B6D8C3 /* Debug */ = {
			isa = XCBuildConfiguration;
			buildSettings = {
				ALWAYS_SEARCH_USER_PATHS = NO;
				CLANG_ANALYZER_NONNULL = YES;
				CLANG_ANALYZER_NUMBER_OBJECT_CONVERSION = YES_AGGRESSIVE;
				CLANG_CXX_LANGUAGE_STANDARD = "gnu++14";
				CLANG_CXX_LIBRARY = "libc++";
				CLANG_ENABLE_MODULES = YES;
				CLANG_ENABLE_OBJC_ARC = YES;
				CLANG_ENABLE_OBJC_WEAK = YES;
				CLANG_WARN_BLOCK_CAPTURE_AUTORELEASING = YES;
				CLANG_WARN_BOOL_CONVERSION = YES;
				CLANG_WARN_COMMA = YES;
				CLANG_WARN_CONSTANT_CONVERSION = YES;
				CLANG_WARN_DEPRECATED_OBJC_IMPLEMENTATIONS = YES;
				CLANG_WARN_DIRECT_OBJC_ISA_USAGE = YES_ERROR;
				CLANG_WARN_DOCUMENTATION_COMMENTS = YES;
				CLANG_WARN_EMPTY_BODY = YES;
				CLANG_WARN_ENUM_CONVERSION = YES;
				CLANG_WARN_INFINITE_RECURSION = YES;
				CLANG_WARN_INT_CONVERSION = YES;
				CLANG_WARN_NON_LITERAL_NULL_CONVERSION = YES;
				CLANG_WARN_OBJC_IMPLICIT_RETAIN_SELF = YES;
				CLANG_WARN_OBJC_LITERAL_CONVERSION = YES;
				CLANG_WARN_OBJC_ROOT_CLASS = YES_ERROR;
				CLANG_WARN_QUOTED_INCLUDE_IN_FRAMEWORK_HEADER = YES;
				CLANG_WARN_RANGE_LOOP_ANALYSIS = YES;
				CLANG_WARN_STRICT_PROTOTYPES = YES;
				CLANG_WARN_SUSPICIOUS_MOVE = YES;
				CLANG_WARN_UNGUARDED_AVAILABILITY = YES_AGGRESSIVE;
				CLANG_WARN_UNREACHABLE_CODE = YES;
				CLANG_WARN__DUPLICATE_METHOD_MATCH = YES;
				COPY_PHASE_STRIP = NO;
				DEBUG_INFORMATION_FORMAT = dwarf;
				ENABLE_STRICT_OBJC_MSGSEND = YES;
				ENABLE_TESTABILITY = YES;
				GCC_C_LANGUAGE_STANDARD = gnu11;
				GCC_DYNAMIC_NO_PIC = NO;
				GCC_NO_COMMON_BLOCKS = YES;
				GCC_OPTIMIZATION_LEVEL = 0;
				GCC_PREPROCESSOR_DEFINITIONS = (
					"DEBUG=1",
					"$(inherited)",
				);
				GCC_WARN_64_TO_32_BIT_CONVERSION = YES;
				GCC_WARN_ABOUT_RETURN_TYPE = YES_ERROR;
				GCC_WARN_UNDECLARED_SELECTOR = YES;
				GCC_WARN_UNINITIALIZED_AUTOS = YES_AGGRESSIVE;
				GCC_WARN_UNUSED_FUNCTION = YES;
				GCC_WARN_UNUSED_VARIABLE = YES;
				IPHONEOS_DEPLOYMENT_TARGET = 14.5;
				MTL_ENABLE_DEBUG_INFO = INCLUDE_SOURCE;
				MTL_FAST_MATH = YES;
				ONLY_ACTIVE_ARCH = YES;
				SDKROOT = iphoneos;
				SWIFT_ACTIVE_COMPILATION_CONDITIONS = DEBUG;
				SWIFT_OPTIMIZATION_LEVEL = "-Onone";
			};
			name = Debug;
		};
		C2DF4C3A272827A400B6D8C3 /* Release */ = {
			isa = XCBuildConfiguration;
			buildSettings = {
				ALWAYS_SEARCH_USER_PATHS = NO;
				CLANG_ANALYZER_NONNULL = YES;
				CLANG_ANALYZER_NUMBER_OBJECT_CONVERSION = YES_AGGRESSIVE;
				CLANG_CXX_LANGUAGE_STANDARD = "gnu++14";
				CLANG_CXX_LIBRARY = "libc++";
				CLANG_ENABLE_MODULES = YES;
				CLANG_ENABLE_OBJC_ARC = YES;
				CLANG_ENABLE_OBJC_WEAK = YES;
				CLANG_WARN_BLOCK_CAPTURE_AUTORELEASING = YES;
				CLANG_WARN_BOOL_CONVERSION = YES;
				CLANG_WARN_COMMA = YES;
				CLANG_WARN_CONSTANT_CONVERSION = YES;
				CLANG_WARN_DEPRECATED_OBJC_IMPLEMENTATIONS = YES;
				CLANG_WARN_DIRECT_OBJC_ISA_USAGE = YES_ERROR;
				CLANG_WARN_DOCUMENTATION_COMMENTS = YES;
				CLANG_WARN_EMPTY_BODY = YES;
				CLANG_WARN_ENUM_CONVERSION = YES;
				CLANG_WARN_INFINITE_RECURSION = YES;
				CLANG_WARN_INT_CONVERSION = YES;
				CLANG_WARN_NON_LITERAL_NULL_CONVERSION = YES;
				CLANG_WARN_OBJC_IMPLICIT_RETAIN_SELF = YES;
				CLANG_WARN_OBJC_LITERAL_CONVERSION = YES;
				CLANG_WARN_OBJC_ROOT_CLASS = YES_ERROR;
				CLANG_WARN_QUOTED_INCLUDE_IN_FRAMEWORK_HEADER = YES;
				CLANG_WARN_RANGE_LOOP_ANALYSIS = YES;
				CLANG_WARN_STRICT_PROTOTYPES = YES;
				CLANG_WARN_SUSPICIOUS_MOVE = YES;
				CLANG_WARN_UNGUARDED_AVAILABILITY = YES_AGGRESSIVE;
				CLANG_WARN_UNREACHABLE_CODE = YES;
				CLANG_WARN__DUPLICATE_METHOD_MATCH = YES;
				COPY_PHASE_STRIP = NO;
				DEBUG_INFORMATION_FORMAT = "dwarf-with-dsym";
				ENABLE_NS_ASSERTIONS = NO;
				ENABLE_STRICT_OBJC_MSGSEND = YES;
				GCC_C_LANGUAGE_STANDARD = gnu11;
				GCC_NO_COMMON_BLOCKS = YES;
				GCC_WARN_64_TO_32_BIT_CONVERSION = YES;
				GCC_WARN_ABOUT_RETURN_TYPE = YES_ERROR;
				GCC_WARN_UNDECLARED_SELECTOR = YES;
				GCC_WARN_UNINITIALIZED_AUTOS = YES_AGGRESSIVE;
				GCC_WARN_UNUSED_FUNCTION = YES;
				GCC_WARN_UNUSED_VARIABLE = YES;
				IPHONEOS_DEPLOYMENT_TARGET = 14.5;
				MTL_ENABLE_DEBUG_INFO = NO;
				MTL_FAST_MATH = YES;
				SDKROOT = iphoneos;
				SWIFT_COMPILATION_MODE = wholemodule;
				SWIFT_OPTIMIZATION_LEVEL = "-O";
				VALIDATE_PRODUCT = YES;
			};
			name = Release;
		};
		C2DF4C3C272827A400B6D8C3 /* Debug */ = {
			isa = XCBuildConfiguration;
			buildSettings = {
				ASSETCATALOG_COMPILER_APPICON_NAME = AppIcon;
				ASSETCATALOG_COMPILER_GLOBAL_ACCENT_COLOR_NAME = AccentColor;
				CODE_SIGN_STYLE = Automatic;
				DEVELOPMENT_TEAM = C3M56A453W;
				INFOPLIST_FILE = MilestoneProjectDay59/Info.plist;
				LD_RUNPATH_SEARCH_PATHS = (
					"$(inherited)",
					"@executable_path/Frameworks",
				);
				PRODUCT_BUNDLE_IDENTIFIER = online.swampios.MilestoneProjectDay59;
				PRODUCT_NAME = "$(TARGET_NAME)";
				SWIFT_VERSION = 5.0;
				TARGETED_DEVICE_FAMILY = 1;
			};
			name = Debug;
		};
		C2DF4C3D272827A400B6D8C3 /* Release */ = {
			isa = XCBuildConfiguration;
			buildSettings = {
				ASSETCATALOG_COMPILER_APPICON_NAME = AppIcon;
				ASSETCATALOG_COMPILER_GLOBAL_ACCENT_COLOR_NAME = AccentColor;
				CODE_SIGN_STYLE = Automatic;
				DEVELOPMENT_TEAM = C3M56A453W;
				INFOPLIST_FILE = MilestoneProjectDay59/Info.plist;
				LD_RUNPATH_SEARCH_PATHS = (
					"$(inherited)",
					"@executable_path/Frameworks",
				);
				PRODUCT_BUNDLE_IDENTIFIER = online.swampios.MilestoneProjectDay59;
				PRODUCT_NAME = "$(TARGET_NAME)";
				SWIFT_VERSION = 5.0;
				TARGETED_DEVICE_FAMILY = 1;
			};
			name = Release;
		};
/* End XCBuildConfiguration section */

/* Begin XCConfigurationList section */
		C2DF4C22272827A300B6D8C3 /* Build configuration list for PBXProject "MilestoneProjectDay59" */ = {
			isa = XCConfigurationList;
			buildConfigurations = (
				C2DF4C39272827A400B6D8C3 /* Debug */,
				C2DF4C3A272827A400B6D8C3 /* Release */,
			);
			defaultConfigurationIsVisible = 0;
			defaultConfigurationName = Release;
		};
		C2DF4C3B272827A400B6D8C3 /* Build configuration list for PBXNativeTarget "MilestoneProjectDay59" */ = {
			isa = XCConfigurationList;
			buildConfigurations = (
				C2DF4C3C272827A400B6D8C3 /* Debug */,
				C2DF4C3D272827A400B6D8C3 /* Release */,
			);
			defaultConfigurationIsVisible = 0;
			defaultConfigurationName = Release;
		};
/* End XCConfigurationList section */
	};
	rootObject = C2DF4C1F272827A300B6D8C3 /* Project object */;
}
